
Microsoft Visual Studio Solution File, Format Version 12.00
# Visual Studio Version 16
VisualStudioVersion = 16.0.30611.23
MinimumVisualStudioVersion = 10.0.40219.1
Project("{9A19103F-16F7-4668-BE54-9A1E7A4F7556}") = "RestaurantApp", "RestaurantApp\RestaurantApp.csproj", "{3A68F0FE-F591-4703-8B17-F17C398EB8D8}"
EndProject
Project("{FAE04EC0-301F-11D3-BF4B-00C04F79EFBC}") = "NUnitTestProject1", "NUnitTestProject1\NUnitTestProject1.csproj", "{B4D6B4DD-6048-4A0C-816F-E4B61371CEB0}"
EndProject
Global
	GlobalSection(SolutionConfigurationPlatforms) = preSolution
		Debug|Any CPU = Debug|Any CPU
		Release|Any CPU = Release|Any CPU
	EndGlobalSection
	GlobalSection(ProjectConfigurationPlatforms) = postSolution
		{3A68F0FE-F591-4703-8B17-F17C398EB8D8}.Debug|Any CPU.ActiveCfg = Debug|Any CPU
		{3A68F0FE-F591-4703-8B17-F17C398EB8D8}.Debug|Any CPU.Build.0 = Debug|Any CPU
		{3A68F0FE-F591-4703-8B17-F17C398EB8D8}.Release|Any CPU.ActiveCfg = Release|Any CPU
		{3A68F0FE-F591-4703-8B17-F17C398EB8D8}.Release|Any CPU.Build.0 = Release|Any CPU
		{B4D6B4DD-6048-4A0C-816F-E4B61371CEB0}.Debug|Any CPU.ActiveCfg = Debug|Any CPU
		{B4D6B4DD-6048-4A0C-816F-E4B61371CEB0}.Debug|Any CPU.Build.0 = Debug|Any CPU
		{B4D6B4DD-6048-4A0C-816F-E4B61371CEB0}.Release|Any CPU.ActiveCfg = Release|Any CPU
		{B4D6B4DD-6048-4A0C-816F-E4B61371CEB0}.Release|Any CPU.Build.0 = Release|Any CPU
	EndGlobalSection
	GlobalSection(SolutionProperties) = preSolution
		HideSolutionNode = FALSE
	EndGlobalSection
	GlobalSection(ExtensibilityGlobals) = postSolution
		SolutionGuid = {6D1B591E-C4C2-41AB-92A3-4C4A3EDC3C62}
	EndGlobalSection
EndGlobal
